schema: '2.0'
stages:
  sales_etl:
    cmd: poetry run python scripts/etl.py
    deps:
    - path: data/raw/facturas_ventas.parquet
      hash: md5
      md5: ba848f1512f11183d8d24a415b9f946f
      size: 18399235
    - path: scripts/etl.py
      hash: md5
      md5: 28acf243d2f01492271bde9a72fc1b18
      size: 3305
    outs:
    - path: data/processed/
      hash: md5
      md5: 8c63ae12dd96eb596f25fe31b1980648.dir
      size: 1756116261
      nfiles: 167500
  train:
    cmd: poetry run python scripts/train.py
    deps:
    - path: data/processed
      hash: md5
      md5: 8c63ae12dd96eb596f25fe31b1980648.dir
      size: 1756116261
      nfiles: 167500
    - path: params.yaml
      hash: md5
      md5: 23c173f74acdc5adc136097eb340b468
      size: 346
    - path: scripts/train.py
      hash: md5
      md5: 59ce6cbca2a3c4d04f71a062e23000c4
      size: 4762
    - path: src/mlops/models.py
      hash: md5
      md5: 824f9cc9bdd6a5ca8aa6b88f82083add
      size: 55475
    - path: src/mlops/utils.py
      hash: md5
      md5: 16e528e00fbecd5ca6f03551b9c6606d
      size: 13424
    params:
      params.yaml:
        feature_set: raw
        frequency: daily
        horizon: 30
        model_type: ARIMA
        seed: 12
        training_window: 40
    outs:
    - path: plots/
      hash: md5
      md5: 185948f14648def1a4c0663a7f224ba0.dir
      size: 37309
      nfiles: 1
